
Microsoft Visual Studio Solution File, Format Version 12.00
# Visual Studio Version 17
VisualStudioVersion = 17.9.34616.47
MinimumVisualStudioVersion = 10.0.40219.1
Project("{9A19103F-16F7-4668-BE54-9A1E7A4F7556}") = "UserAuthServer", "UserAuthServer\UserAuthServer.csproj", "{4A02A3A5-5199-4515-AA9B-99B702C749C0}"
EndProject
Project("{FAE04EC0-301F-11D3-BF4B-00C04F79EFBC}") = "AuthUserClient", "AuthUserClient\AuthUserClient.csproj", "{BC8FB4BA-15B2-4C0E-B53A-502B056749B7}"
EndProject
Global
	GlobalSection(SolutionConfigurationPlatforms) = preSolution
		Debug|Any CPU = Debug|Any CPU
		Release|Any CPU = Release|Any CPU
	EndGlobalSection
	GlobalSection(ProjectConfigurationPlatforms) = postSolution
		{4A02A3A5-5199-4515-AA9B-99B702C749C0}.Debug|Any CPU.ActiveCfg = Debug|Any CPU
		{4A02A3A5-5199-4515-AA9B-99B702C749C0}.Debug|Any CPU.Build.0 = Debug|Any CPU
		{4A02A3A5-5199-4515-AA9B-99B702C749C0}.Release|Any CPU.ActiveCfg = Release|Any CPU
		{4A02A3A5-5199-4515-AA9B-99B702C749C0}.Release|Any CPU.Build.0 = Release|Any CPU
		{BC8FB4BA-15B2-4C0E-B53A-502B056749B7}.Debug|Any CPU.ActiveCfg = Debug|Any CPU
		{BC8FB4BA-15B2-4C0E-B53A-502B056749B7}.Debug|Any CPU.Build.0 = Debug|Any CPU
		{BC8FB4BA-15B2-4C0E-B53A-502B056749B7}.Release|Any CPU.ActiveCfg = Release|Any CPU
		{BC8FB4BA-15B2-4C0E-B53A-502B056749B7}.Release|Any CPU.Build.0 = Release|Any CPU
	EndGlobalSection
	GlobalSection(SolutionProperties) = preSolution
		HideSolutionNode = FALSE
	EndGlobalSection
	GlobalSection(ExtensibilityGlobals) = postSolution
		SolutionGuid = {9A40EF58-768D-4D33-9163-52E1776AA31D}
	EndGlobalSection
EndGlobal
